# This file is @generated by PDM.
# It is not intended for manual editing.

[metadata]
groups = ["default"]
strategy = ["inherit_metadata"]
lock_version = "4.5.0"
content_hash = "sha256:b9f4168fbae46c83dacbc75985943d9a9328c4bba164b79748068c813fb03620"

[[metadata.targets]]
requires_python = ">=3.13"

[[package]]
name = "aiohappyeyeballs"
version = "2.6.1"
requires_python = ">=3.9"
summary = "Happy Eyeballs for asyncio"
groups = ["default"]
files = [
    {file = "aiohappyeyeballs-2.6.1-py3-none-any.whl", hash = "sha256:f349ba8f4b75cb25c99c5c2d84e997e485204d2902a9597802b0371f09331fb8"},
    {file = "aiohappyeyeballs-2.6.1.tar.gz", hash = "sha256:c3f9d0113123803ccadfdf3f0faa505bc78e6a72d1cc4806cbd719826e943558"},
]

[[package]]
name = "aiohttp"
version = "3.12.13"
requires_python = ">=3.9"
summary = "Async http client/server framework (asyncio)"
groups = ["default"]
dependencies = [
    "aiohappyeyeballs>=2.5.0",
    "aiosignal>=1.1.2",
    "async-timeout<6.0,>=4.0; python_version < \"3.11\"",
    "attrs>=17.3.0",
    "frozenlist>=1.1.1",
    "multidict<7.0,>=4.5",
    "propcache>=0.2.0",
    "yarl<2.0,>=1.17.0",
]
files = [
    {file = "aiohttp-3.12.13-cp313-cp313-macosx_10_13_universal2.whl", hash = "sha256:d4a18e61f271127465bdb0e8ff36e8f02ac4a32a80d8927aa52371e93cd87938"},
    {file = "aiohttp-3.12.13-cp313-cp313-macosx_10_13_x86_64.whl", hash = "sha256:532542cb48691179455fab429cdb0d558b5e5290b033b87478f2aa6af5d20ace"},
    {file = "aiohttp-3.12.13-cp313-cp313-macosx_11_0_arm64.whl", hash = "sha256:d7eea18b52f23c050ae9db5d01f3d264ab08f09e7356d6f68e3f3ac2de9dfabb"},
    {file = "aiohttp-3.12.13-cp313-cp313-manylinux_2_17_aarch64.manylinux2014_aarch64.whl", hash = "sha256:ad7c8e5c25f2a26842a7c239de3f7b6bfb92304593ef997c04ac49fb703ff4d7"},
    {file = "aiohttp-3.12.13-cp313-cp313-manylinux_2_17_armv7l.manylinux2014_armv7l.manylinux_2_31_armv7l.whl", hash = "sha256:6af355b483e3fe9d7336d84539fef460120c2f6e50e06c658fe2907c69262d6b"},
    {file = "aiohttp-3.12.13-cp313-cp313-manylinux_2_17_ppc64le.manylinux2014_ppc64le.whl", hash = "sha256:a95cf9f097498f35c88e3609f55bb47b28a5ef67f6888f4390b3d73e2bac6177"},
    {file = "aiohttp-3.12.13-cp313-cp313-manylinux_2_17_s390x.manylinux2014_s390x.whl", hash = "sha256:b8ed8c38a1c584fe99a475a8f60eefc0b682ea413a84c6ce769bb19a7ff1c5ef"},
    {file = "aiohttp-3.12.13-cp313-cp313-manylinux_2_17_x86_64.manylinux2014_x86_64.whl", hash = "sha256:7a0b9170d5d800126b5bc89d3053a2363406d6e327afb6afaeda2d19ee8bb103"},
    {file = "aiohttp-3.12.13-cp313-cp313-manylinux_2_5_i686.manylinux1_i686.manylinux_2_17_i686.manylinux2014_i686.whl", hash = "sha256:372feeace612ef8eb41f05ae014a92121a512bd5067db8f25101dd88a8db11da"},
    {file = "aiohttp-3.12.13-cp313-cp313-musllinux_1_2_aarch64.whl", hash = "sha256:a946d3702f7965d81f7af7ea8fb03bb33fe53d311df48a46eeca17e9e0beed2d"},
    {file = "aiohttp-3.12.13-cp313-cp313-musllinux_1_2_armv7l.whl", hash = "sha256:a0c4725fae86555bbb1d4082129e21de7264f4ab14baf735278c974785cd2041"},
    {file = "aiohttp-3.12.13-cp313-cp313-musllinux_1_2_i686.whl", hash = "sha256:9b28ea2f708234f0a5c44eb6c7d9eb63a148ce3252ba0140d050b091b6e842d1"},
    {file = "aiohttp-3.12.13-cp313-cp313-musllinux_1_2_ppc64le.whl", hash = "sha256:d4f5becd2a5791829f79608c6f3dc745388162376f310eb9c142c985f9441cc1"},
    {file = "aiohttp-3.12.13-cp313-cp313-musllinux_1_2_s390x.whl", hash = "sha256:60f2ce6b944e97649051d5f5cc0f439360690b73909230e107fd45a359d3e911"},
    {file = "aiohttp-3.12.13-cp313-cp313-musllinux_1_2_x86_64.whl", hash = "sha256:69fc1909857401b67bf599c793f2183fbc4804717388b0b888f27f9929aa41f3"},
    {file = "aiohttp-3.12.13-cp313-cp313-win32.whl", hash = "sha256:7d7e68787a2046b0e44ba5587aa723ce05d711e3a3665b6b7545328ac8e3c0dd"},
    {file = "aiohttp-3.12.13-cp313-cp313-win_amd64.whl", hash = "sha256:5a178390ca90419bfd41419a809688c368e63c86bd725e1186dd97f6b89c2706"},
    {file = "aiohttp-3.12.13.tar.gz", hash = "sha256:47e2da578528264a12e4e3dd8dd72a7289e5f812758fe086473fab037a10fcce"},
]

[[package]]
name = "aiosignal"
version = "1.3.2"
requires_python = ">=3.9"
summary = "aiosignal: a list of registered asynchronous callbacks"
groups = ["default"]
dependencies = [
    "frozenlist>=1.1.0",
]
files = [
    {file = "aiosignal-1.3.2-py2.py3-none-any.whl", hash = "sha256:45cde58e409a301715980c2b01d0c28bdde3770d8290b5eb2173759d9acb31a5"},
    {file = "aiosignal-1.3.2.tar.gz", hash = "sha256:a8c255c66fafb1e499c9351d0bf32ff2d8a0321595ebac3b93713656d2436f54"},
]

[[package]]
name = "attrs"
version = "25.3.0"
requires_python = ">=3.8"
summary = "Classes Without Boilerplate"
groups = ["default"]
files = [
    {file = "attrs-25.3.0-py3-none-any.whl", hash = "sha256:427318ce031701fea540783410126f03899a97ffc6f61596ad581ac2e40e3bc3"},
    {file = "attrs-25.3.0.tar.gz", hash = "sha256:75d7cefc7fb576747b2c81b4442d4d4a1ce0900973527c011d1030fd3bf4af1b"},
]

[[package]]
name = "frozenlist"
version = "1.6.0"
requires_python = ">=3.9"
summary = "A list-like structure which implements collections.abc.MutableSequence"
groups = ["default"]
files = [
    {file = "frozenlist-1.6.0-cp313-cp313-macosx_10_13_universal2.whl", hash = "sha256:1d7fb014fe0fbfee3efd6a94fc635aeaa68e5e1720fe9e57357f2e2c6e1a647e"},
    {file = "frozenlist-1.6.0-cp313-cp313-macosx_10_13_x86_64.whl", hash = "sha256:01bcaa305a0fdad12745502bfd16a1c75b14558dabae226852f9159364573117"},
    {file = "frozenlist-1.6.0-cp313-cp313-macosx_11_0_arm64.whl", hash = "sha256:8b314faa3051a6d45da196a2c495e922f987dc848e967d8cfeaee8a0328b1cd4"},
    {file = "frozenlist-1.6.0-cp313-cp313-manylinux_2_17_aarch64.manylinux2014_aarch64.whl", hash = "sha256:da62fecac21a3ee10463d153549d8db87549a5e77eefb8c91ac84bb42bb1e4e3"},
    {file = "frozenlist-1.6.0-cp313-cp313-manylinux_2_17_armv7l.manylinux2014_armv7l.manylinux_2_31_armv7l.whl", hash = "sha256:d1eb89bf3454e2132e046f9599fbcf0a4483ed43b40f545551a39316d0201cd1"},
    {file = "frozenlist-1.6.0-cp313-cp313-manylinux_2_17_ppc64le.manylinux2014_ppc64le.whl", hash = "sha256:d18689b40cb3936acd971f663ccb8e2589c45db5e2c5f07e0ec6207664029a9c"},
    {file = "frozenlist-1.6.0-cp313-cp313-manylinux_2_17_s390x.manylinux2014_s390x.whl", hash = "sha256:e67ddb0749ed066b1a03fba812e2dcae791dd50e5da03be50b6a14d0c1a9ee45"},
    {file = "frozenlist-1.6.0-cp313-cp313-manylinux_2_5_i686.manylinux1_i686.manylinux_2_17_i686.manylinux2014_i686.whl", hash = "sha256:fc5e64626e6682638d6e44398c9baf1d6ce6bc236d40b4b57255c9d3f9761f1f"},
    {file = "frozenlist-1.6.0-cp313-cp313-manylinux_2_5_x86_64.manylinux1_x86_64.manylinux_2_17_x86_64.manylinux2014_x86_64.whl", hash = "sha256:437cfd39564744ae32ad5929e55b18ebd88817f9180e4cc05e7d53b75f79ce85"},
    {file = "frozenlist-1.6.0-cp313-cp313-musllinux_1_2_aarch64.whl", hash = "sha256:62dd7df78e74d924952e2feb7357d826af8d2f307557a779d14ddf94d7311be8"},
    {file = "frozenlist-1.6.0-cp313-cp313-musllinux_1_2_armv7l.whl", hash = "sha256:a66781d7e4cddcbbcfd64de3d41a61d6bdde370fc2e38623f30b2bd539e84a9f"},
    {file = "frozenlist-1.6.0-cp313-cp313-musllinux_1_2_i686.whl", hash = "sha256:482fe06e9a3fffbcd41950f9d890034b4a54395c60b5e61fae875d37a699813f"},
    {file = "frozenlist-1.6.0-cp313-cp313-musllinux_1_2_ppc64le.whl", hash = "sha256:e4f9373c500dfc02feea39f7a56e4f543e670212102cc2eeb51d3a99c7ffbde6"},
    {file = "frozenlist-1.6.0-cp313-cp313-musllinux_1_2_s390x.whl", hash = "sha256:e69bb81de06827147b7bfbaeb284d85219fa92d9f097e32cc73675f279d70188"},
    {file = "frozenlist-1.6.0-cp313-cp313-musllinux_1_2_x86_64.whl", hash = "sha256:7613d9977d2ab4a9141dde4a149f4357e4065949674c5649f920fec86ecb393e"},
    {file = "frozenlist-1.6.0-cp313-cp313-win32.whl", hash = "sha256:4def87ef6d90429f777c9d9de3961679abf938cb6b7b63d4a7eb8a268babfce4"},
    {file = "frozenlist-1.6.0-cp313-cp313-win_amd64.whl", hash = "sha256:37a8a52c3dfff01515e9bbbee0e6063181362f9de3db2ccf9bc96189b557cbfd"},
    {file = "frozenlist-1.6.0-cp313-cp313t-macosx_10_13_universal2.whl", hash = "sha256:46138f5a0773d064ff663d273b309b696293d7a7c00a0994c5c13a5078134b64"},
    {file = "frozenlist-1.6.0-cp313-cp313t-macosx_10_13_x86_64.whl", hash = "sha256:f88bc0a2b9c2a835cb888b32246c27cdab5740059fb3688852bf91e915399b91"},
    {file = "frozenlist-1.6.0-cp313-cp313t-macosx_11_0_arm64.whl", hash = "sha256:777704c1d7655b802c7850255639672e90e81ad6fa42b99ce5ed3fbf45e338dd"},
    {file = "frozenlist-1.6.0-cp313-cp313t-manylinux_2_17_aarch64.manylinux2014_aarch64.whl", hash = "sha256:85ef8d41764c7de0dcdaf64f733a27352248493a85a80661f3c678acd27e31f2"},
    {file = "frozenlist-1.6.0-cp313-cp313t-manylinux_2_17_armv7l.manylinux2014_armv7l.manylinux_2_31_armv7l.whl", hash = "sha256:da5cb36623f2b846fb25009d9d9215322318ff1c63403075f812b3b2876c8506"},
    {file = "frozenlist-1.6.0-cp313-cp313t-manylinux_2_17_ppc64le.manylinux2014_ppc64le.whl", hash = "sha256:cbb56587a16cf0fb8acd19e90ff9924979ac1431baea8681712716a8337577b0"},
    {file = "frozenlist-1.6.0-cp313-cp313t-manylinux_2_17_s390x.manylinux2014_s390x.whl", hash = "sha256:c6154c3ba59cda3f954c6333025369e42c3acd0c6e8b6ce31eb5c5b8116c07e0"},
    {file = "frozenlist-1.6.0-cp313-cp313t-manylinux_2_5_i686.manylinux1_i686.manylinux_2_17_i686.manylinux2014_i686.whl", hash = "sha256:2e8246877afa3f1ae5c979fe85f567d220f86a50dc6c493b9b7d8191181ae01e"},
    {file = "frozenlist-1.6.0-cp313-cp313t-manylinux_2_5_x86_64.manylinux1_x86_64.manylinux_2_17_x86_64.manylinux2014_x86_64.whl", hash = "sha256:7b0f6cce16306d2e117cf9db71ab3a9e8878a28176aeaf0dbe35248d97b28d0c"},
    {file = "frozenlist-1.6.0-cp313-cp313t-musllinux_1_2_aarch64.whl", hash = "sha256:1b8e8cd8032ba266f91136d7105706ad57770f3522eac4a111d77ac126a25a9b"},
    {file = "frozenlist-1.6.0-cp313-cp313t-musllinux_1_2_armv7l.whl", hash = "sha256:e2ada1d8515d3ea5378c018a5f6d14b4994d4036591a52ceaf1a1549dec8e1ad"},
    {file = "frozenlist-1.6.0-cp313-cp313t-musllinux_1_2_i686.whl", hash = "sha256:cdb2c7f071e4026c19a3e32b93a09e59b12000751fc9b0b7758da899e657d215"},
    {file = "frozenlist-1.6.0-cp313-cp313t-musllinux_1_2_ppc64le.whl", hash = "sha256:03572933a1969a6d6ab509d509e5af82ef80d4a5d4e1e9f2e1cdd22c77a3f4d2"},
    {file = "frozenlist-1.6.0-cp313-cp313t-musllinux_1_2_s390x.whl", hash = "sha256:77effc978947548b676c54bbd6a08992759ea6f410d4987d69feea9cd0919911"},
    {file = "frozenlist-1.6.0-cp313-cp313t-musllinux_1_2_x86_64.whl", hash = "sha256:a2bda8be77660ad4089caf2223fdbd6db1858462c4b85b67fbfa22102021e497"},
    {file = "frozenlist-1.6.0-cp313-cp313t-win32.whl", hash = "sha256:a4d96dc5bcdbd834ec6b0f91027817214216b5b30316494d2b1aebffb87c534f"},
    {file = "frozenlist-1.6.0-cp313-cp313t-win_amd64.whl", hash = "sha256:e18036cb4caa17ea151fd5f3d70be9d354c99eb8cf817a3ccde8a7873b074348"},
    {file = "frozenlist-1.6.0-py3-none-any.whl", hash = "sha256:535eec9987adb04701266b92745d6cdcef2e77669299359c3009c3404dd5d191"},
    {file = "frozenlist-1.6.0.tar.gz", hash = "sha256:b99655c32c1c8e06d111e7f41c06c29a5318cb1835df23a45518e02a47c63b68"},
]

[[package]]
name = "humanize"
version = "4.12.3"
requires_python = ">=3.9"
summary = "Python humanize utilities"
groups = ["default"]
files = [
    {file = "humanize-4.12.3-py3-none-any.whl", hash = "sha256:2cbf6370af06568fa6d2da77c86edb7886f3160ecd19ee1ffef07979efc597f6"},
    {file = "humanize-4.12.3.tar.gz", hash = "sha256:8430be3a615106fdfceb0b2c1b41c4c98c6b0fc5cc59663a5539b111dd325fb0"},
]

[[package]]
name = "idna"
version = "3.10"
requires_python = ">=3.6"
summary = "Internationalized Domain Names in Applications (IDNA)"
groups = ["default"]
files = [
    {file = "idna-3.10-py3-none-any.whl", hash = "sha256:946d195a0d259cbba61165e88e65941f16e9b36ea6ddb97f00452bae8b1287d3"},
    {file = "idna-3.10.tar.gz", hash = "sha256:12f65c9b470abda6dc35cf8e63cc574b1c52b11df2c86030af0ac09b01b13ea9"},
]

[[package]]
name = "multidict"
version = "6.4.4"
requires_python = ">=3.9"
summary = "multidict implementation"
groups = ["default"]
dependencies = [
    "typing-extensions>=4.1.0; python_version < \"3.11\"",
]
files = [
    {file = "multidict-6.4.4-cp313-cp313-macosx_10_13_universal2.whl", hash = "sha256:82ffabefc8d84c2742ad19c37f02cde5ec2a1ee172d19944d380f920a340e4b9"},
    {file = "multidict-6.4.4-cp313-cp313-macosx_10_13_x86_64.whl", hash = "sha256:6a2f58a66fe2c22615ad26156354005391e26a2f3721c3621504cd87c1ea87bf"},
    {file = "multidict-6.4.4-cp313-cp313-macosx_11_0_arm64.whl", hash = "sha256:5883d6ee0fd9d8a48e9174df47540b7545909841ac82354c7ae4cbe9952603bd"},
    {file = "multidict-6.4.4-cp313-cp313-manylinux_2_17_aarch64.manylinux2014_aarch64.whl", hash = "sha256:9abcf56a9511653fa1d052bfc55fbe53dbee8f34e68bd6a5a038731b0ca42d15"},
    {file = "multidict-6.4.4-cp313-cp313-manylinux_2_17_armv7l.manylinux2014_armv7l.manylinux_2_31_armv7l.whl", hash = "sha256:6ed5ae5605d4ad5a049fad2a28bb7193400700ce2f4ae484ab702d1e3749c3f9"},
    {file = "multidict-6.4.4-cp313-cp313-manylinux_2_17_ppc64le.manylinux2014_ppc64le.whl", hash = "sha256:bbfcb60396f9bcfa63e017a180c3105b8c123a63e9d1428a36544e7d37ca9e20"},
    {file = "multidict-6.4.4-cp313-cp313-manylinux_2_17_s390x.manylinux2014_s390x.whl", hash = "sha256:b0f1987787f5f1e2076b59692352ab29a955b09ccc433c1f6b8e8e18666f608b"},
    {file = "multidict-6.4.4-cp313-cp313-manylinux_2_17_x86_64.manylinux2014_x86_64.whl", hash = "sha256:1d0121ccce8c812047d8d43d691a1ad7641f72c4f730474878a5aeae1b8ead8c"},
    {file = "multidict-6.4.4-cp313-cp313-manylinux_2_5_i686.manylinux1_i686.manylinux_2_17_i686.manylinux2014_i686.whl", hash = "sha256:83ec4967114295b8afd120a8eec579920c882831a3e4c3331d591a8e5bfbbc0f"},
    {file = "multidict-6.4.4-cp313-cp313-musllinux_1_2_aarch64.whl", hash = "sha256:995f985e2e268deaf17867801b859a282e0448633f1310e3704b30616d269d69"},
    {file = "multidict-6.4.4-cp313-cp313-musllinux_1_2_armv7l.whl", hash = "sha256:d832c608f94b9f92a0ec8b7e949be7792a642b6e535fcf32f3e28fab69eeb046"},
    {file = "multidict-6.4.4-cp313-cp313-musllinux_1_2_i686.whl", hash = "sha256:d21c1212171cf7da703c5b0b7a0e85be23b720818aef502ad187d627316d5645"},
    {file = "multidict-6.4.4-cp313-cp313-musllinux_1_2_ppc64le.whl", hash = "sha256:cbebaa076aaecad3d4bb4c008ecc73b09274c952cf6a1b78ccfd689e51f5a5b0"},
    {file = "multidict-6.4.4-cp313-cp313-musllinux_1_2_s390x.whl", hash = "sha256:c93a6fb06cc8e5d3628b2b5fda215a5db01e8f08fc15fadd65662d9b857acbe4"},
    {file = "multidict-6.4.4-cp313-cp313-musllinux_1_2_x86_64.whl", hash = "sha256:8cd8f81f1310182362fb0c7898145ea9c9b08a71081c5963b40ee3e3cac589b1"},
    {file = "multidict-6.4.4-cp313-cp313-win32.whl", hash = "sha256:3e9f1cd61a0ab857154205fb0b1f3d3ace88d27ebd1409ab7af5096e409614cd"},
    {file = "multidict-6.4.4-cp313-cp313-win_amd64.whl", hash = "sha256:8ffb40b74400e4455785c2fa37eba434269149ec525fc8329858c862e4b35373"},
    {file = "multidict-6.4.4-cp313-cp313t-macosx_10_13_universal2.whl", hash = "sha256:6a602151dbf177be2450ef38966f4be3467d41a86c6a845070d12e17c858a156"},
    {file = "multidict-6.4.4-cp313-cp313t-macosx_10_13_x86_64.whl", hash = "sha256:0d2b9712211b860d123815a80b859075d86a4d54787e247d7fbee9db6832cf1c"},
    {file = "multidict-6.4.4-cp313-cp313t-macosx_11_0_arm64.whl", hash = "sha256:d2fa86af59f8fc1972e121ade052145f6da22758f6996a197d69bb52f8204e7e"},
    {file = "multidict-6.4.4-cp313-cp313t-manylinux_2_17_aarch64.manylinux2014_aarch64.whl", hash = "sha256:50855d03e9e4d66eab6947ba688ffb714616f985838077bc4b490e769e48da51"},
    {file = "multidict-6.4.4-cp313-cp313t-manylinux_2_17_armv7l.manylinux2014_armv7l.manylinux_2_31_armv7l.whl", hash = "sha256:5bce06b83be23225be1905dcdb6b789064fae92499fbc458f59a8c0e68718601"},
    {file = "multidict-6.4.4-cp313-cp313t-manylinux_2_17_ppc64le.manylinux2014_ppc64le.whl", hash = "sha256:66ed0731f8e5dfd8369a883b6e564aca085fb9289aacabd9decd70568b9a30de"},
    {file = "multidict-6.4.4-cp313-cp313t-manylinux_2_17_s390x.manylinux2014_s390x.whl", hash = "sha256:329ae97fc2f56f44d91bc47fe0972b1f52d21c4b7a2ac97040da02577e2daca2"},
    {file = "multidict-6.4.4-cp313-cp313t-manylinux_2_17_x86_64.manylinux2014_x86_64.whl", hash = "sha256:c27e5dcf520923d6474d98b96749e6805f7677e93aaaf62656005b8643f907ab"},
    {file = "multidict-6.4.4-cp313-cp313t-manylinux_2_5_i686.manylinux1_i686.manylinux_2_17_i686.manylinux2014_i686.whl", hash = "sha256:058cc59b9e9b143cc56715e59e22941a5d868c322242278d28123a5d09cdf6b0"},
    {file = "multidict-6.4.4-cp313-cp313t-musllinux_1_2_aarch64.whl", hash = "sha256:69133376bc9a03f8c47343d33f91f74a99c339e8b58cea90433d8e24bb298031"},
    {file = "multidict-6.4.4-cp313-cp313t-musllinux_1_2_armv7l.whl", hash = "sha256:d6b15c55721b1b115c5ba178c77104123745b1417527ad9641a4c5e2047450f0"},
    {file = "multidict-6.4.4-cp313-cp313t-musllinux_1_2_i686.whl", hash = "sha256:a887b77f51d3d41e6e1a63cf3bc7ddf24de5939d9ff69441387dfefa58ac2e26"},
    {file = "multidict-6.4.4-cp313-cp313t-musllinux_1_2_ppc64le.whl", hash = "sha256:632a3bf8f1787f7ef7d3c2f68a7bde5be2f702906f8b5842ad6da9d974d0aab3"},
    {file = "multidict-6.4.4-cp313-cp313t-musllinux_1_2_s390x.whl", hash = "sha256:a145c550900deb7540973c5cdb183b0d24bed6b80bf7bddf33ed8f569082535e"},
    {file = "multidict-6.4.4-cp313-cp313t-musllinux_1_2_x86_64.whl", hash = "sha256:cc5d83c6619ca5c9672cb78b39ed8542f1975a803dee2cda114ff73cbb076edd"},
    {file = "multidict-6.4.4-cp313-cp313t-win32.whl", hash = "sha256:3312f63261b9df49be9d57aaa6abf53a6ad96d93b24f9cc16cf979956355ce6e"},
    {file = "multidict-6.4.4-cp313-cp313t-win_amd64.whl", hash = "sha256:ba852168d814b2c73333073e1c7116d9395bea69575a01b0b3c89d2d5a87c8fb"},
    {file = "multidict-6.4.4-py3-none-any.whl", hash = "sha256:bd4557071b561a8b3b6075c3ce93cf9bfb6182cb241805c3d66ced3b75eff4ac"},
    {file = "multidict-6.4.4.tar.gz", hash = "sha256:69ee9e6ba214b5245031b76233dd95408a0fd57fdb019ddcc1ead4790932a8e8"},
]

[[package]]
name = "nest-asyncio"
version = "1.6.0"
requires_python = ">=3.5"
summary = "Patch asyncio to allow nested event loops"
groups = ["default"]
files = [
    {file = "nest_asyncio-1.6.0-py3-none-any.whl", hash = "sha256:87af6efd6b5e897c81050477ef65c62e2b2f35d51703cae01aff2905b1852e1c"},
    {file = "nest_asyncio-1.6.0.tar.gz", hash = "sha256:6f172d5449aca15afd6c646851f4e31e02c598d553a667e38cafa997cfec55fe"},
]

[[package]]
name = "propcache"
version = "0.3.1"
requires_python = ">=3.9"
summary = "Accelerated property cache"
groups = ["default"]
files = [
    {file = "propcache-0.3.1-cp313-cp313-macosx_10_13_universal2.whl", hash = "sha256:f1528ec4374617a7a753f90f20e2f551121bb558fcb35926f99e3c42367164b8"},
    {file = "propcache-0.3.1-cp313-cp313-macosx_10_13_x86_64.whl", hash = "sha256:dc1915ec523b3b494933b5424980831b636fe483d7d543f7afb7b3bf00f0c10f"},
    {file = "propcache-0.3.1-cp313-cp313-macosx_11_0_arm64.whl", hash = "sha256:a110205022d077da24e60b3df8bcee73971be9575dec5573dd17ae5d81751111"},
    {file = "propcache-0.3.1-cp313-cp313-manylinux_2_17_aarch64.manylinux2014_aarch64.whl", hash = "sha256:d249609e547c04d190e820d0d4c8ca03ed4582bcf8e4e160a6969ddfb57b62e5"},
    {file = "propcache-0.3.1-cp313-cp313-manylinux_2_17_ppc64le.manylinux2014_ppc64le.whl", hash = "sha256:5ced33d827625d0a589e831126ccb4f5c29dfdf6766cac441d23995a65825dcb"},
    {file = "propcache-0.3.1-cp313-cp313-manylinux_2_17_s390x.manylinux2014_s390x.whl", hash = "sha256:4114c4ada8f3181af20808bedb250da6bae56660e4b8dfd9cd95d4549c0962f7"},
    {file = "propcache-0.3.1-cp313-cp313-manylinux_2_17_x86_64.manylinux2014_x86_64.whl", hash = "sha256:975af16f406ce48f1333ec5e912fe11064605d5c5b3f6746969077cc3adeb120"},
    {file = "propcache-0.3.1-cp313-cp313-manylinux_2_5_i686.manylinux1_i686.manylinux_2_17_i686.manylinux2014_i686.whl", hash = "sha256:a34aa3a1abc50740be6ac0ab9d594e274f59960d3ad253cd318af76b996dd654"},
    {file = "propcache-0.3.1-cp313-cp313-musllinux_1_2_aarch64.whl", hash = "sha256:9cec3239c85ed15bfaded997773fdad9fb5662b0a7cbc854a43f291eb183179e"},
    {file = "propcache-0.3.1-cp313-cp313-musllinux_1_2_armv7l.whl", hash = "sha256:05543250deac8e61084234d5fc54f8ebd254e8f2b39a16b1dce48904f45b744b"},
    {file = "propcache-0.3.1-cp313-cp313-musllinux_1_2_i686.whl", hash = "sha256:5cb5918253912e088edbf023788de539219718d3b10aef334476b62d2b53de53"},
    {file = "propcache-0.3.1-cp313-cp313-musllinux_1_2_ppc64le.whl", hash = "sha256:f3bbecd2f34d0e6d3c543fdb3b15d6b60dd69970c2b4c822379e5ec8f6f621d5"},
    {file = "propcache-0.3.1-cp313-cp313-musllinux_1_2_s390x.whl", hash = "sha256:aca63103895c7d960a5b9b044a83f544b233c95e0dcff114389d64d762017af7"},
    {file = "propcache-0.3.1-cp313-cp313-musllinux_1_2_x86_64.whl", hash = "sha256:5a0a9898fdb99bf11786265468571e628ba60af80dc3f6eb89a3545540c6b0ef"},
    {file = "propcache-0.3.1-cp313-cp313-win32.whl", hash = "sha256:3a02a28095b5e63128bcae98eb59025924f121f048a62393db682f049bf4ac24"},
    {file = "propcache-0.3.1-cp313-cp313-win_amd64.whl", hash = "sha256:813fbb8b6aea2fc9659815e585e548fe706d6f663fa73dff59a1677d4595a037"},
    {file = "propcache-0.3.1-cp313-cp313t-macosx_10_13_universal2.whl", hash = "sha256:a444192f20f5ce8a5e52761a031b90f5ea6288b1eef42ad4c7e64fef33540b8f"},
    {file = "propcache-0.3.1-cp313-cp313t-macosx_10_13_x86_64.whl", hash = "sha256:0fbe94666e62ebe36cd652f5fc012abfbc2342de99b523f8267a678e4dfdee3c"},
    {file = "propcache-0.3.1-cp313-cp313t-macosx_11_0_arm64.whl", hash = "sha256:f011f104db880f4e2166bcdcf7f58250f7a465bc6b068dc84c824a3d4a5c94dc"},
    {file = "propcache-0.3.1-cp313-cp313t-manylinux_2_17_aarch64.manylinux2014_aarch64.whl", hash = "sha256:3e584b6d388aeb0001d6d5c2bd86b26304adde6d9bb9bfa9c4889805021b96de"},
    {file = "propcache-0.3.1-cp313-cp313t-manylinux_2_17_ppc64le.manylinux2014_ppc64le.whl", hash = "sha256:8a17583515a04358b034e241f952f1715243482fc2c2945fd99a1b03a0bd77d6"},
    {file = "propcache-0.3.1-cp313-cp313t-manylinux_2_17_s390x.manylinux2014_s390x.whl", hash = "sha256:5aed8d8308215089c0734a2af4f2e95eeb360660184ad3912686c181e500b2e7"},
    {file = "propcache-0.3.1-cp313-cp313t-manylinux_2_17_x86_64.manylinux2014_x86_64.whl", hash = "sha256:6d8e309ff9a0503ef70dc9a0ebd3e69cf7b3894c9ae2ae81fc10943c37762458"},
    {file = "propcache-0.3.1-cp313-cp313t-manylinux_2_5_i686.manylinux1_i686.manylinux_2_17_i686.manylinux2014_i686.whl", hash = "sha256:b655032b202028a582d27aeedc2e813299f82cb232f969f87a4fde491a233f11"},
    {file = "propcache-0.3.1-cp313-cp313t-musllinux_1_2_aarch64.whl", hash = "sha256:9f64d91b751df77931336b5ff7bafbe8845c5770b06630e27acd5dbb71e1931c"},
    {file = "propcache-0.3.1-cp313-cp313t-musllinux_1_2_armv7l.whl", hash = "sha256:19a06db789a4bd896ee91ebc50d059e23b3639c25d58eb35be3ca1cbe967c3bf"},
    {file = "propcache-0.3.1-cp313-cp313t-musllinux_1_2_i686.whl", hash = "sha256:bef100c88d8692864651b5f98e871fb090bd65c8a41a1cb0ff2322db39c96c27"},
    {file = "propcache-0.3.1-cp313-cp313t-musllinux_1_2_ppc64le.whl", hash = "sha256:87380fb1f3089d2a0b8b00f006ed12bd41bd858fabfa7330c954c70f50ed8757"},
    {file = "propcache-0.3.1-cp313-cp313t-musllinux_1_2_s390x.whl", hash = "sha256:e474fc718e73ba5ec5180358aa07f6aded0ff5f2abe700e3115c37d75c947e18"},
    {file = "propcache-0.3.1-cp313-cp313t-musllinux_1_2_x86_64.whl", hash = "sha256:17d1c688a443355234f3c031349da69444be052613483f3e4158eef751abcd8a"},
    {file = "propcache-0.3.1-cp313-cp313t-win32.whl", hash = "sha256:359e81a949a7619802eb601d66d37072b79b79c2505e6d3fd8b945538411400d"},
    {file = "propcache-0.3.1-cp313-cp313t-win_amd64.whl", hash = "sha256:e7fb9a84c9abbf2b2683fa3e7b0d7da4d8ecf139a1c635732a8bda29c5214b0e"},
    {file = "propcache-0.3.1-py3-none-any.whl", hash = "sha256:9a8ecf38de50a7f518c21568c80f985e776397b902f1ce0b01f799aba1608b40"},
    {file = "propcache-0.3.1.tar.gz", hash = "sha256:40d980c33765359098837527e18eddefc9a24cea5b45e078a7f3bb5b032c6ecf"},
]

[[package]]
name = "tomlkit"
version = "0.13.3"
requires_python = ">=3.8"
summary = "Style preserving TOML library"
groups = ["default"]
files = [
    {file = "tomlkit-0.13.3-py3-none-any.whl", hash = "sha256:c89c649d79ee40629a9fda55f8ace8c6a1b42deb912b2a8fd8d942ddadb606b0"},
    {file = "tomlkit-0.13.3.tar.gz", hash = "sha256:430cf247ee57df2b94ee3fbe588e71d362a941ebb545dec29b53961d61add2a1"},
]

[[package]]
name = "yarl"
version = "1.20.0"
requires_python = ">=3.9"
summary = "Yet another URL library"
groups = ["default"]
dependencies = [
    "idna>=2.0",
    "multidict>=4.0",
    "propcache>=0.2.1",
]
files = [
    {file = "yarl-1.20.0-cp313-cp313-macosx_10_13_universal2.whl", hash = "sha256:2137810a20b933b1b1b7e5cf06a64c3ed3b4747b0e5d79c9447c00db0e2f752f"},
    {file = "yarl-1.20.0-cp313-cp313-macosx_10_13_x86_64.whl", hash = "sha256:447c5eadd750db8389804030d15f43d30435ed47af1313303ed82a62388176d3"},
    {file = "yarl-1.20.0-cp313-cp313-macosx_11_0_arm64.whl", hash = "sha256:42fbe577272c203528d402eec8bf4b2d14fd49ecfec92272334270b850e9cd7d"},
    {file = "yarl-1.20.0-cp313-cp313-manylinux_2_17_aarch64.manylinux2014_aarch64.whl", hash = "sha256:18e321617de4ab170226cd15006a565d0fa0d908f11f724a2c9142d6b2812ab0"},
    {file = "yarl-1.20.0-cp313-cp313-manylinux_2_17_armv7l.manylinux2014_armv7l.manylinux_2_31_armv7l.whl", hash = "sha256:4345f58719825bba29895011e8e3b545e6e00257abb984f9f27fe923afca2501"},
    {file = "yarl-1.20.0-cp313-cp313-manylinux_2_17_ppc64le.manylinux2014_ppc64le.whl", hash = "sha256:5d9b980d7234614bc4674468ab173ed77d678349c860c3af83b1fffb6a837ddc"},
    {file = "yarl-1.20.0-cp313-cp313-manylinux_2_17_s390x.manylinux2014_s390x.whl", hash = "sha256:af4baa8a445977831cbaa91a9a84cc09debb10bc8391f128da2f7bd070fc351d"},
    {file = "yarl-1.20.0-cp313-cp313-manylinux_2_17_x86_64.manylinux2014_x86_64.whl", hash = "sha256:123393db7420e71d6ce40d24885a9e65eb1edefc7a5228db2d62bcab3386a5c0"},
    {file = "yarl-1.20.0-cp313-cp313-manylinux_2_5_i686.manylinux1_i686.manylinux_2_17_i686.manylinux2014_i686.whl", hash = "sha256:ab47acc9332f3de1b39e9b702d9c916af7f02656b2a86a474d9db4e53ef8fd7a"},
    {file = "yarl-1.20.0-cp313-cp313-musllinux_1_2_aarch64.whl", hash = "sha256:4a34c52ed158f89876cba9c600b2c964dfc1ca52ba7b3ab6deb722d1d8be6df2"},
    {file = "yarl-1.20.0-cp313-cp313-musllinux_1_2_armv7l.whl", hash = "sha256:04d8cfb12714158abf2618f792c77bc5c3d8c5f37353e79509608be4f18705c9"},
    {file = "yarl-1.20.0-cp313-cp313-musllinux_1_2_i686.whl", hash = "sha256:7dc63ad0d541c38b6ae2255aaa794434293964677d5c1ec5d0116b0e308031f5"},
    {file = "yarl-1.20.0-cp313-cp313-musllinux_1_2_ppc64le.whl", hash = "sha256:f9d02b591a64e4e6ca18c5e3d925f11b559c763b950184a64cf47d74d7e41877"},
    {file = "yarl-1.20.0-cp313-cp313-musllinux_1_2_s390x.whl", hash = "sha256:95fc9876f917cac7f757df80a5dda9de59d423568460fe75d128c813b9af558e"},
    {file = "yarl-1.20.0-cp313-cp313-musllinux_1_2_x86_64.whl", hash = "sha256:bb769ae5760cd1c6a712135ee7915f9d43f11d9ef769cb3f75a23e398a92d384"},
    {file = "yarl-1.20.0-cp313-cp313-win32.whl", hash = "sha256:70e0c580a0292c7414a1cead1e076c9786f685c1fc4757573d2967689b370e62"},
    {file = "yarl-1.20.0-cp313-cp313-win_amd64.whl", hash = "sha256:4c43030e4b0af775a85be1fa0433119b1565673266a70bf87ef68a9d5ba3174c"},
    {file = "yarl-1.20.0-cp313-cp313t-macosx_10_13_universal2.whl", hash = "sha256:b6c4c3d0d6a0ae9b281e492b1465c72de433b782e6b5001c8e7249e085b69051"},
    {file = "yarl-1.20.0-cp313-cp313t-macosx_10_13_x86_64.whl", hash = "sha256:8681700f4e4df891eafa4f69a439a6e7d480d64e52bf460918f58e443bd3da7d"},
    {file = "yarl-1.20.0-cp313-cp313t-macosx_11_0_arm64.whl", hash = "sha256:84aeb556cb06c00652dbf87c17838eb6d92cfd317799a8092cee0e570ee11229"},
    {file = "yarl-1.20.0-cp313-cp313t-manylinux_2_17_aarch64.manylinux2014_aarch64.whl", hash = "sha256:f166eafa78810ddb383e930d62e623d288fb04ec566d1b4790099ae0f31485f1"},
    {file = "yarl-1.20.0-cp313-cp313t-manylinux_2_17_armv7l.manylinux2014_armv7l.manylinux_2_31_armv7l.whl", hash = "sha256:5d3d6d14754aefc7a458261027a562f024d4f6b8a798adb472277f675857b1eb"},
    {file = "yarl-1.20.0-cp313-cp313t-manylinux_2_17_ppc64le.manylinux2014_ppc64le.whl", hash = "sha256:2a8f64df8ed5d04c51260dbae3cc82e5649834eebea9eadfd829837b8093eb00"},
    {file = "yarl-1.20.0-cp313-cp313t-manylinux_2_17_s390x.manylinux2014_s390x.whl", hash = "sha256:4d9949eaf05b4d30e93e4034a7790634bbb41b8be2d07edd26754f2e38e491de"},
    {file = "yarl-1.20.0-cp313-cp313t-manylinux_2_17_x86_64.manylinux2014_x86_64.whl", hash = "sha256:9c366b254082d21cc4f08f522ac201d0d83a8b8447ab562732931d31d80eb2a5"},
    {file = "yarl-1.20.0-cp313-cp313t-manylinux_2_5_i686.manylinux1_i686.manylinux_2_17_i686.manylinux2014_i686.whl", hash = "sha256:91bc450c80a2e9685b10e34e41aef3d44ddf99b3a498717938926d05ca493f6a"},
    {file = "yarl-1.20.0-cp313-cp313t-musllinux_1_2_aarch64.whl", hash = "sha256:9c2aa4387de4bc3a5fe158080757748d16567119bef215bec643716b4fbf53f9"},
    {file = "yarl-1.20.0-cp313-cp313t-musllinux_1_2_armv7l.whl", hash = "sha256:d2cbca6760a541189cf87ee54ff891e1d9ea6406079c66341008f7ef6ab61145"},
    {file = "yarl-1.20.0-cp313-cp313t-musllinux_1_2_i686.whl", hash = "sha256:798a5074e656f06b9fad1a162be5a32da45237ce19d07884d0b67a0aa9d5fdda"},
    {file = "yarl-1.20.0-cp313-cp313t-musllinux_1_2_ppc64le.whl", hash = "sha256:f106e75c454288472dbe615accef8248c686958c2e7dd3b8d8ee2669770d020f"},
    {file = "yarl-1.20.0-cp313-cp313t-musllinux_1_2_s390x.whl", hash = "sha256:3b60a86551669c23dc5445010534d2c5d8a4e012163218fc9114e857c0586fdd"},
    {file = "yarl-1.20.0-cp313-cp313t-musllinux_1_2_x86_64.whl", hash = "sha256:3e429857e341d5e8e15806118e0294f8073ba9c4580637e59ab7b238afca836f"},
    {file = "yarl-1.20.0-cp313-cp313t-win32.whl", hash = "sha256:65a4053580fe88a63e8e4056b427224cd01edfb5f951498bfefca4052f0ce0ac"},
    {file = "yarl-1.20.0-cp313-cp313t-win_amd64.whl", hash = "sha256:53b2da3a6ca0a541c1ae799c349788d480e5144cac47dba0266c7cb6c76151fe"},
    {file = "yarl-1.20.0-py3-none-any.whl", hash = "sha256:5d0fe6af927a47a230f31e6004621fd0959eaa915fc62acfafa67ff7229a3124"},
    {file = "yarl-1.20.0.tar.gz", hash = "sha256:686d51e51ee5dfe62dec86e4866ee0e9ed66df700d55c828a615640adc885307"},
]
